
Microsoft Visual Studio Solution File, Format Version 12.00
# Visual Studio Version 17
VisualStudioVersion = 17.5.33530.505
MinimumVisualStudioVersion = 10.0.40219.1
Project("{FAE04EC0-301F-11D3-BF4B-00C04F79EFBC}") = "Bray-Engine2x", "Bray-Engine2x\Bray-Engine2x.csproj", "{D017131B-32FC-48C0-A2E4-6A897F2CB08A}"
EndProject
Global
	GlobalSection(SolutionConfigurationPlatforms) = preSolution
		Debug|Any CPU = Debug|Any CPU
		Release|Any CPU = Release|Any CPU
	EndGlobalSection
	GlobalSection(ProjectConfigurationPlatforms) = postSolution
		{D017131B-32FC-48C0-A2E4-6A897F2CB08A}.Debug|Any CPU.ActiveCfg = Debug|Any CPU
		{D017131B-32FC-48C0-A2E4-6A897F2CB08A}.Debug|Any CPU.Build.0 = Debug|Any CPU
		{D017131B-32FC-48C0-A2E4-6A897F2CB08A}.Release|Any CPU.ActiveCfg = Release|Any CPU
		{D017131B-32FC-48C0-A2E4-6A897F2CB08A}.Release|Any CPU.Build.0 = Release|Any CPU
	EndGlobalSection
	GlobalSection(SolutionProperties) = preSolution
		HideSolutionNode = FALSE
	EndGlobalSection
	GlobalSection(ExtensibilityGlobals) = postSolution
		SolutionGuid = {00F9D8E1-6857-42FE-BC07-F239D73FBD4C}
	EndGlobalSection
EndGlobal
